# This file is automatically @generated by Poetry 1.8.3 and should not be changed by hand.

[[package]]
name = "algorand-python"
version = "1.3.0"
description = "API for writing Algorand Python Smart contracts"
optional = false
python-versions = "<4.0,>=3.12"
files = [
    {file = "algorand_python-1.3.0-py3-none-any.whl", hash = "sha256:714647bf3615f945f9c5aa76eba2636443ad1567391eea55361b296f1df0e7fd"},
]

[metadata]
lock-version = "2.0"
python-versions = "3.12.3"
content-hash = "0614fddc148af0bac985e1574c8648c24e45b416bb37088ce9284c3066586aff"
