# This file is automatically @generated by Poetry 1.8.3 and should not be changed by hand.

[[package]]
name = "algorand-python"
version = "1.1.4"
description = "API for writing Algorand Python Smart contracts"
optional = false
python-versions = "<4.0,>=3.12"
files = [
    {file = "algorand_python-1.1.4-py3-none-any.whl", hash = "sha256:bb29101a317842c1f9829dca82db001a104c7f6c99ecc71a95f3c5f023552cba"},
]

[metadata]
lock-version = "2.0"
python-versions = "3.12.3"
content-hash = "73c5aaf716d222cd1db1d10353fdcb972cf976ee781db96f63c1bc4fb9030b10"
